
Microsoft Visual Studio Solution File, Format Version 12.00
# Visual Studio Version 17
VisualStudioVersion = 17.4.33213.308
MinimumVisualStudioVersion = 10.0.40219.1
Project("{FAE04EC0-301F-11D3-BF4B-00C04F79EFBC}") = "CalculateSquare", "CalculateSquare\CalculateSquare.csproj", "{5C8232C0-ADCD-41E9-96A9-4801C121732F}"
EndProject
Project("{FAE04EC0-301F-11D3-BF4B-00C04F79EFBC}") = "TestConsol", "TestConsol\TestConsol.csproj", "{3C86CBFD-40A3-48DA-B7BD-A7DFA7BEF654}"
EndProject
Project("{FAE04EC0-301F-11D3-BF4B-00C04F79EFBC}") = "CalculateSquareTests", "CalculateSquareTests\CalculateSquareTests.csproj", "{E356CDAC-9363-46B8-93F7-507F050F7460}"
EndProject
Global
	GlobalSection(SolutionConfigurationPlatforms) = preSolution
		Debug|Any CPU = Debug|Any CPU
		Release|Any CPU = Release|Any CPU
	EndGlobalSection
	GlobalSection(ProjectConfigurationPlatforms) = postSolution
		{5C8232C0-ADCD-41E9-96A9-4801C121732F}.Debug|Any CPU.ActiveCfg = Debug|Any CPU
		{5C8232C0-ADCD-41E9-96A9-4801C121732F}.Debug|Any CPU.Build.0 = Debug|Any CPU
		{5C8232C0-ADCD-41E9-96A9-4801C121732F}.Release|Any CPU.ActiveCfg = Release|Any CPU
		{5C8232C0-ADCD-41E9-96A9-4801C121732F}.Release|Any CPU.Build.0 = Release|Any CPU
		{3C86CBFD-40A3-48DA-B7BD-A7DFA7BEF654}.Debug|Any CPU.ActiveCfg = Debug|Any CPU
		{3C86CBFD-40A3-48DA-B7BD-A7DFA7BEF654}.Debug|Any CPU.Build.0 = Debug|Any CPU
		{3C86CBFD-40A3-48DA-B7BD-A7DFA7BEF654}.Release|Any CPU.ActiveCfg = Release|Any CPU
		{3C86CBFD-40A3-48DA-B7BD-A7DFA7BEF654}.Release|Any CPU.Build.0 = Release|Any CPU
		{E356CDAC-9363-46B8-93F7-507F050F7460}.Debug|Any CPU.ActiveCfg = Debug|Any CPU
		{E356CDAC-9363-46B8-93F7-507F050F7460}.Debug|Any CPU.Build.0 = Debug|Any CPU
		{E356CDAC-9363-46B8-93F7-507F050F7460}.Release|Any CPU.ActiveCfg = Release|Any CPU
		{E356CDAC-9363-46B8-93F7-507F050F7460}.Release|Any CPU.Build.0 = Release|Any CPU
	EndGlobalSection
	GlobalSection(SolutionProperties) = preSolution
		HideSolutionNode = FALSE
	EndGlobalSection
	GlobalSection(ExtensibilityGlobals) = postSolution
		SolutionGuid = {F9D599CC-FB6C-49CC-B4B0-BCB10E5DDD4C}
	EndGlobalSection
EndGlobal
